
Microsoft Visual Studio Solution File, Format Version 12.00
# Visual Studio Version 17
VisualStudioVersion = 17.10.35004.147
MinimumVisualStudioVersion = 10.0.40219.1
Project("{9A19103F-16F7-4668-BE54-9A1E7A4F7556}") = "SZT.Test", "SZT.Test\SZT.Test.csproj", "{CFD1071A-C0AC-472C-99DF-D88537771846}"
EndProject
Project("{FAE04EC0-301F-11D3-BF4B-00C04F79EFBC}") = "MyControlSerialPort", "MyControlSerialPort\MyControlSerialPort.csproj", "{8D242E2F-8CE4-4E7E-B98F-73B1709A845E}"
EndProject
Global
	GlobalSection(SolutionConfigurationPlatforms) = preSolution
		Debug|Any CPU = Debug|Any CPU
		Release|Any CPU = Release|Any CPU
	EndGlobalSection
	GlobalSection(ProjectConfigurationPlatforms) = postSolution
		{CFD1071A-C0AC-472C-99DF-D88537771846}.Debug|Any CPU.ActiveCfg = Debug|Any CPU
		{CFD1071A-C0AC-472C-99DF-D88537771846}.Debug|Any CPU.Build.0 = Debug|Any CPU
		{CFD1071A-C0AC-472C-99DF-D88537771846}.Debug|Any CPU.Deploy.0 = Debug|Any CPU
		{CFD1071A-C0AC-472C-99DF-D88537771846}.Release|Any CPU.ActiveCfg = Release|Any CPU
		{CFD1071A-C0AC-472C-99DF-D88537771846}.Release|Any CPU.Build.0 = Release|Any CPU
		{CFD1071A-C0AC-472C-99DF-D88537771846}.Release|Any CPU.Deploy.0 = Release|Any CPU
		{8D242E2F-8CE4-4E7E-B98F-73B1709A845E}.Debug|Any CPU.ActiveCfg = Debug|Any CPU
		{8D242E2F-8CE4-4E7E-B98F-73B1709A845E}.Debug|Any CPU.Build.0 = Debug|Any CPU
		{8D242E2F-8CE4-4E7E-B98F-73B1709A845E}.Release|Any CPU.ActiveCfg = Release|Any CPU
		{8D242E2F-8CE4-4E7E-B98F-73B1709A845E}.Release|Any CPU.Build.0 = Release|Any CPU
	EndGlobalSection
	GlobalSection(SolutionProperties) = preSolution
		HideSolutionNode = FALSE
	EndGlobalSection
	GlobalSection(ExtensibilityGlobals) = postSolution
		SolutionGuid = {6390CCDE-2CEB-4B70-9269-3CA0FAF147D1}
	EndGlobalSection
EndGlobal
